
Microsoft Visual Studio Solution File, Format Version 12.00
# Visual Studio 2012
Project("{FAE04EC0-301F-11D3-BF4B-00C04F79EFBC}") = "test-cloud-ci-example", "test-cloud-ci-example\test-cloud-ci-example.csproj", "{4D6E7430-496E-41E4-B9B5-E315B0646516}"
EndProject
Project("{FAE04EC0-301F-11D3-BF4B-00C04F79EFBC}") = "test-cloud-ci-example.iOS", "iOS\test-cloud-ci-example.iOS.csproj", "{6A0617C8-92A0-4C6D-88F3-B9170763003C}"
EndProject
Project("{FAE04EC0-301F-11D3-BF4B-00C04F79EFBC}") = "test-cloud-ci-example.Droid", "Droid\test-cloud-ci-example.Droid.csproj", "{C7F07C87-20CF-4841-A02D-B7F17DDEA97F}"
EndProject
Project("{FAE04EC0-301F-11D3-BF4B-00C04F79EFBC}") = "test-cloud-ci-example.UITests", "UITests\test-cloud-ci-example.UITests.csproj", "{1C64572A-CDF6-47FB-8B97-4B5EA795783A}"
EndProject
Global
	GlobalSection(SolutionConfigurationPlatforms) = preSolution
		Debug|Any CPU = Debug|Any CPU
		Release|Any CPU = Release|Any CPU
		Debug|iPhoneSimulator = Debug|iPhoneSimulator
		Release|iPhone = Release|iPhone
		Release|iPhoneSimulator = Release|iPhoneSimulator
		Debug|iPhone = Debug|iPhone
	EndGlobalSection
	GlobalSection(ProjectConfigurationPlatforms) = postSolution
		{1C64572A-CDF6-47FB-8B97-4B5EA795783A}.Debug|Any CPU.ActiveCfg = Debug|Any CPU
		{1C64572A-CDF6-47FB-8B97-4B5EA795783A}.Debug|Any CPU.Build.0 = Debug|Any CPU
		{1C64572A-CDF6-47FB-8B97-4B5EA795783A}.Debug|iPhone.ActiveCfg = Debug|Any CPU
		{1C64572A-CDF6-47FB-8B97-4B5EA795783A}.Debug|iPhone.Build.0 = Debug|Any CPU
		{1C64572A-CDF6-47FB-8B97-4B5EA795783A}.Debug|iPhoneSimulator.ActiveCfg = Debug|Any CPU
		{1C64572A-CDF6-47FB-8B97-4B5EA795783A}.Debug|iPhoneSimulator.Build.0 = Debug|Any CPU
		{1C64572A-CDF6-47FB-8B97-4B5EA795783A}.Release|Any CPU.ActiveCfg = Release|Any CPU
		{1C64572A-CDF6-47FB-8B97-4B5EA795783A}.Release|Any CPU.Build.0 = Release|Any CPU
		{1C64572A-CDF6-47FB-8B97-4B5EA795783A}.Release|iPhone.ActiveCfg = Release|Any CPU
		{1C64572A-CDF6-47FB-8B97-4B5EA795783A}.Release|iPhone.Build.0 = Release|Any CPU
		{1C64572A-CDF6-47FB-8B97-4B5EA795783A}.Release|iPhoneSimulator.ActiveCfg = Release|Any CPU
		{1C64572A-CDF6-47FB-8B97-4B5EA795783A}.Release|iPhoneSimulator.Build.0 = Release|Any CPU
		{4D6E7430-496E-41E4-B9B5-E315B0646516}.Debug|Any CPU.ActiveCfg = Debug|Any CPU
		{4D6E7430-496E-41E4-B9B5-E315B0646516}.Debug|Any CPU.Build.0 = Debug|Any CPU
		{4D6E7430-496E-41E4-B9B5-E315B0646516}.Debug|iPhone.ActiveCfg = Debug|Any CPU
		{4D6E7430-496E-41E4-B9B5-E315B0646516}.Debug|iPhone.Build.0 = Debug|Any CPU
		{4D6E7430-496E-41E4-B9B5-E315B0646516}.Debug|iPhoneSimulator.ActiveCfg = Debug|Any CPU
		{4D6E7430-496E-41E4-B9B5-E315B0646516}.Debug|iPhoneSimulator.Build.0 = Debug|Any CPU
		{4D6E7430-496E-41E4-B9B5-E315B0646516}.Release|Any CPU.ActiveCfg = Release|Any CPU
		{4D6E7430-496E-41E4-B9B5-E315B0646516}.Release|Any CPU.Build.0 = Release|Any CPU
		{4D6E7430-496E-41E4-B9B5-E315B0646516}.Release|iPhone.ActiveCfg = Release|Any CPU
		{4D6E7430-496E-41E4-B9B5-E315B0646516}.Release|iPhone.Build.0 = Release|Any CPU
		{4D6E7430-496E-41E4-B9B5-E315B0646516}.Release|iPhoneSimulator.ActiveCfg = Release|Any CPU
		{4D6E7430-496E-41E4-B9B5-E315B0646516}.Release|iPhoneSimulator.Build.0 = Release|Any CPU
		{6A0617C8-92A0-4C6D-88F3-B9170763003C}.Debug|Any CPU.ActiveCfg = Debug|iPhoneSimulator
		{6A0617C8-92A0-4C6D-88F3-B9170763003C}.Debug|Any CPU.Build.0 = Debug|iPhoneSimulator
		{6A0617C8-92A0-4C6D-88F3-B9170763003C}.Debug|iPhone.ActiveCfg = Debug|iPhone
		{6A0617C8-92A0-4C6D-88F3-B9170763003C}.Debug|iPhone.Build.0 = Debug|iPhone
		{6A0617C8-92A0-4C6D-88F3-B9170763003C}.Debug|iPhoneSimulator.ActiveCfg = Debug|iPhoneSimulator
		{6A0617C8-92A0-4C6D-88F3-B9170763003C}.Debug|iPhoneSimulator.Build.0 = Debug|iPhoneSimulator
		{6A0617C8-92A0-4C6D-88F3-B9170763003C}.Release|Any CPU.ActiveCfg = Release|iPhone
		{6A0617C8-92A0-4C6D-88F3-B9170763003C}.Release|Any CPU.Build.0 = Release|iPhone
		{6A0617C8-92A0-4C6D-88F3-B9170763003C}.Release|iPhone.ActiveCfg = Release|iPhone
		{6A0617C8-92A0-4C6D-88F3-B9170763003C}.Release|iPhone.Build.0 = Release|iPhone
		{6A0617C8-92A0-4C6D-88F3-B9170763003C}.Release|iPhoneSimulator.ActiveCfg = Release|iPhoneSimulator
		{6A0617C8-92A0-4C6D-88F3-B9170763003C}.Release|iPhoneSimulator.Build.0 = Release|iPhoneSimulator
		{C7F07C87-20CF-4841-A02D-B7F17DDEA97F}.Debug|Any CPU.ActiveCfg = Debug|Any CPU
		{C7F07C87-20CF-4841-A02D-B7F17DDEA97F}.Debug|Any CPU.Build.0 = Debug|Any CPU
		{C7F07C87-20CF-4841-A02D-B7F17DDEA97F}.Debug|iPhone.ActiveCfg = Debug|Any CPU
		{C7F07C87-20CF-4841-A02D-B7F17DDEA97F}.Debug|iPhone.Build.0 = Debug|Any CPU
		{C7F07C87-20CF-4841-A02D-B7F17DDEA97F}.Debug|iPhoneSimulator.ActiveCfg = Debug|Any CPU
		{C7F07C87-20CF-4841-A02D-B7F17DDEA97F}.Debug|iPhoneSimulator.Build.0 = Debug|Any CPU
		{C7F07C87-20CF-4841-A02D-B7F17DDEA97F}.Release|Any CPU.ActiveCfg = Release|Any CPU
		{C7F07C87-20CF-4841-A02D-B7F17DDEA97F}.Release|Any CPU.Build.0 = Release|Any CPU
		{C7F07C87-20CF-4841-A02D-B7F17DDEA97F}.Release|iPhone.ActiveCfg = Release|Any CPU
		{C7F07C87-20CF-4841-A02D-B7F17DDEA97F}.Release|iPhone.Build.0 = Release|Any CPU
		{C7F07C87-20CF-4841-A02D-B7F17DDEA97F}.Release|iPhoneSimulator.ActiveCfg = Release|Any CPU
		{C7F07C87-20CF-4841-A02D-B7F17DDEA97F}.Release|iPhoneSimulator.Build.0 = Release|Any CPU
	EndGlobalSection
EndGlobal
